
Microsoft Visual Studio Solution File, Format Version 12.00
# Visual Studio Version 16
VisualStudioVersion = 16.0.31613.86
MinimumVisualStudioVersion = 10.0.40219.1
Project("{9A19103F-16F7-4668-BE54-9A1E7A4F7556}") = "ColabAPI", "ColabAPI.csproj", "{6AEDD319-4E23-44A5-BDBA-2098479C2336}"
EndProject
Project("{9A19103F-16F7-4668-BE54-9A1E7A4F7556}") = "Data", "..\Repositorio\Data.csproj", "{2FFA2C9F-C8A4-42F8-84AB-F8329881B1BA}"
EndProject
Project("{2150E333-8FDC-42A3-9474-1A3956D46DE8}") = "Data", "Data", "{1F91D9C6-2AAE-4DE8-AD19-A13A4CDB2702}"
EndProject
Project("{2150E333-8FDC-42A3-9474-1A3956D46DE8}") = "ColabApi", "ColabApi", "{81F7D4C2-BF62-4F25-85C4-B1E135FD25CB}"
EndProject
Project("{2150E333-8FDC-42A3-9474-1A3956D46DE8}") = "Core", "Core", "{BB9FB837-05CF-4872-877E-0A5D27B21F0F}"
EndProject
Project("{9A19103F-16F7-4668-BE54-9A1E7A4F7556}") = "Core", "..\Core\Core.csproj", "{E309A88F-5367-4723-919D-AACB116FCDB4}"
EndProject
Project("{2150E333-8FDC-42A3-9474-1A3956D46DE8}") = "Manager", "Manager", "{25E79C04-594B-404B-A0FC-6A4FA79AE935}"
EndProject
Project("{9A19103F-16F7-4668-BE54-9A1E7A4F7556}") = "Manager", "..\Manager\Manager.csproj", "{EF416946-3053-4AFD-AE4E-BD74C0C98843}"
EndProject
Project("{9A19103F-16F7-4668-BE54-9A1E7A4F7556}") = "Core.Shared", "..\Core.Shared\Core.Shared.csproj", "{3AF0A9AD-75AF-471D-8A4E-186999D7FF37}"
EndProject
Global
	GlobalSection(SolutionConfigurationPlatforms) = preSolution
		Debug|Any CPU = Debug|Any CPU
		Release|Any CPU = Release|Any CPU
	EndGlobalSection
	GlobalSection(ProjectConfigurationPlatforms) = postSolution
		{6AEDD319-4E23-44A5-BDBA-2098479C2336}.Debug|Any CPU.ActiveCfg = Debug|Any CPU
		{6AEDD319-4E23-44A5-BDBA-2098479C2336}.Debug|Any CPU.Build.0 = Debug|Any CPU
		{6AEDD319-4E23-44A5-BDBA-2098479C2336}.Release|Any CPU.ActiveCfg = Release|Any CPU
		{6AEDD319-4E23-44A5-BDBA-2098479C2336}.Release|Any CPU.Build.0 = Release|Any CPU
		{2FFA2C9F-C8A4-42F8-84AB-F8329881B1BA}.Debug|Any CPU.ActiveCfg = Debug|Any CPU
		{2FFA2C9F-C8A4-42F8-84AB-F8329881B1BA}.Debug|Any CPU.Build.0 = Debug|Any CPU
		{2FFA2C9F-C8A4-42F8-84AB-F8329881B1BA}.Release|Any CPU.ActiveCfg = Release|Any CPU
		{2FFA2C9F-C8A4-42F8-84AB-F8329881B1BA}.Release|Any CPU.Build.0 = Release|Any CPU
		{E309A88F-5367-4723-919D-AACB116FCDB4}.Debug|Any CPU.ActiveCfg = Debug|Any CPU
		{E309A88F-5367-4723-919D-AACB116FCDB4}.Debug|Any CPU.Build.0 = Debug|Any CPU
		{E309A88F-5367-4723-919D-AACB116FCDB4}.Release|Any CPU.ActiveCfg = Release|Any CPU
		{E309A88F-5367-4723-919D-AACB116FCDB4}.Release|Any CPU.Build.0 = Release|Any CPU
		{EF416946-3053-4AFD-AE4E-BD74C0C98843}.Debug|Any CPU.ActiveCfg = Debug|Any CPU
		{EF416946-3053-4AFD-AE4E-BD74C0C98843}.Debug|Any CPU.Build.0 = Debug|Any CPU
		{EF416946-3053-4AFD-AE4E-BD74C0C98843}.Release|Any CPU.ActiveCfg = Release|Any CPU
		{EF416946-3053-4AFD-AE4E-BD74C0C98843}.Release|Any CPU.Build.0 = Release|Any CPU
		{3AF0A9AD-75AF-471D-8A4E-186999D7FF37}.Debug|Any CPU.ActiveCfg = Debug|Any CPU
		{3AF0A9AD-75AF-471D-8A4E-186999D7FF37}.Debug|Any CPU.Build.0 = Debug|Any CPU
		{3AF0A9AD-75AF-471D-8A4E-186999D7FF37}.Release|Any CPU.ActiveCfg = Release|Any CPU
		{3AF0A9AD-75AF-471D-8A4E-186999D7FF37}.Release|Any CPU.Build.0 = Release|Any CPU
	EndGlobalSection
	GlobalSection(SolutionProperties) = preSolution
		HideSolutionNode = FALSE
	EndGlobalSection
	GlobalSection(NestedProjects) = preSolution
		{6AEDD319-4E23-44A5-BDBA-2098479C2336} = {81F7D4C2-BF62-4F25-85C4-B1E135FD25CB}
		{2FFA2C9F-C8A4-42F8-84AB-F8329881B1BA} = {1F91D9C6-2AAE-4DE8-AD19-A13A4CDB2702}
		{E309A88F-5367-4723-919D-AACB116FCDB4} = {BB9FB837-05CF-4872-877E-0A5D27B21F0F}
		{EF416946-3053-4AFD-AE4E-BD74C0C98843} = {25E79C04-594B-404B-A0FC-6A4FA79AE935}
		{3AF0A9AD-75AF-471D-8A4E-186999D7FF37} = {BB9FB837-05CF-4872-877E-0A5D27B21F0F}
	EndGlobalSection
	GlobalSection(ExtensibilityGlobals) = postSolution
		SolutionGuid = {859579DB-2602-4944-9166-720003C66FBF}
	EndGlobalSection
EndGlobal
