
Microsoft Visual Studio Solution File, Format Version 12.00
# Visual Studio Version 16
VisualStudioVersion = 16.0.31613.86
MinimumVisualStudioVersion = 10.0.40219.1
Project("{9A19103F-16F7-4668-BE54-9A1E7A4F7556}") = "ColabAPI", "ColabAPI.csproj", "{6AEDD319-4E23-44A5-BDBA-2098479C2336}"
EndProject
Project("{9A19103F-16F7-4668-BE54-9A1E7A4F7556}") = "Dominio", "..\Dominio\Dominio.csproj", "{6F51E495-FF41-489B-A131-CFB1A0F63613}"
EndProject
Project("{9A19103F-16F7-4668-BE54-9A1E7A4F7556}") = "Repositorio", "..\Repositorio\Repositorio.csproj", "{2FFA2C9F-C8A4-42F8-84AB-F8329881B1BA}"
	ProjectSection(ProjectDependencies) = postProject
		{6F51E495-FF41-489B-A131-CFB1A0F63613} = {6F51E495-FF41-489B-A131-CFB1A0F63613}
	EndProjectSection
EndProject
Project("{2150E333-8FDC-42A3-9474-1A3956D46DE8}") = "src", "src", "{1F91D9C6-2AAE-4DE8-AD19-A13A4CDB2702}"
EndProject
Global
	GlobalSection(SolutionConfigurationPlatforms) = preSolution
		Debug|Any CPU = Debug|Any CPU
		Release|Any CPU = Release|Any CPU
	EndGlobalSection
	GlobalSection(ProjectConfigurationPlatforms) = postSolution
		{6AEDD319-4E23-44A5-BDBA-2098479C2336}.Debug|Any CPU.ActiveCfg = Debug|Any CPU
		{6AEDD319-4E23-44A5-BDBA-2098479C2336}.Debug|Any CPU.Build.0 = Debug|Any CPU
		{6AEDD319-4E23-44A5-BDBA-2098479C2336}.Release|Any CPU.ActiveCfg = Release|Any CPU
		{6AEDD319-4E23-44A5-BDBA-2098479C2336}.Release|Any CPU.Build.0 = Release|Any CPU
		{6F51E495-FF41-489B-A131-CFB1A0F63613}.Debug|Any CPU.ActiveCfg = Debug|Any CPU
		{6F51E495-FF41-489B-A131-CFB1A0F63613}.Debug|Any CPU.Build.0 = Debug|Any CPU
		{6F51E495-FF41-489B-A131-CFB1A0F63613}.Release|Any CPU.ActiveCfg = Release|Any CPU
		{6F51E495-FF41-489B-A131-CFB1A0F63613}.Release|Any CPU.Build.0 = Release|Any CPU
		{2FFA2C9F-C8A4-42F8-84AB-F8329881B1BA}.Debug|Any CPU.ActiveCfg = Debug|Any CPU
		{2FFA2C9F-C8A4-42F8-84AB-F8329881B1BA}.Debug|Any CPU.Build.0 = Debug|Any CPU
		{2FFA2C9F-C8A4-42F8-84AB-F8329881B1BA}.Release|Any CPU.ActiveCfg = Release|Any CPU
		{2FFA2C9F-C8A4-42F8-84AB-F8329881B1BA}.Release|Any CPU.Build.0 = Release|Any CPU
	EndGlobalSection
	GlobalSection(SolutionProperties) = preSolution
		HideSolutionNode = FALSE
	EndGlobalSection
	GlobalSection(NestedProjects) = preSolution
		{6AEDD319-4E23-44A5-BDBA-2098479C2336} = {1F91D9C6-2AAE-4DE8-AD19-A13A4CDB2702}
		{6F51E495-FF41-489B-A131-CFB1A0F63613} = {1F91D9C6-2AAE-4DE8-AD19-A13A4CDB2702}
		{2FFA2C9F-C8A4-42F8-84AB-F8329881B1BA} = {1F91D9C6-2AAE-4DE8-AD19-A13A4CDB2702}
	EndGlobalSection
	GlobalSection(ExtensibilityGlobals) = postSolution
		SolutionGuid = {859579DB-2602-4944-9166-720003C66FBF}
	EndGlobalSection
EndGlobal
